{
  "nodes": {
    "nixpkgs": {
      "locked": {
        "lastModified": 1675698036,
        "narHash": "sha256-BgsQkQewdlQi8gapJN4phpxkI/FCE/2sORBaFcYbp/A=",
        "owner": "nixos",
        "repo": "nixpkgs",
        "rev": "1046c7b92e908a1202c0f1ba3fc21d19e1cf1b62",
        "type": "github"
      },
      "original": {
        "owner": "nixos",
        "ref": "nixpkgs-unstable",
        "repo": "nixpkgs",
        "type": "github"
      }
    },
    "root": {
      "inputs": {
        "nixpkgs": "nixpkgs",
        "swww-src": "swww-src"
      }
    },
    "swww-src": {
      "flake": false,
      "locked": {
        "lastModified": 1675605269,
        "narHash": "sha256-Z90Zwjqcu0hbtJwKPUNV996mtdgX//ZWWm+Dya/JV9A=",
        "owner": "Horus645",
        "repo": "swww",
        "rev": "25f0e8edaeeb8886b23ef9db81bb48c9efc22d86",
        "type": "github"
      },
      "original": {
        "owner": "Horus645",
        "repo": "swww",
        "type": "github"
      }
    }
  },
  "root": "root",
  "version": 7
}
