{
  "nodes": {
    "nixpkgs": {
      "locked": {
        "lastModified": 1674958881,
        "narHash": "sha256-p1E20TGSgzs+EUhRPMe6fyZIxUV6CbcwilZEzy+XmAk=",
        "owner": "nixos",
        "repo": "nixpkgs",
        "rev": "a0feb36dc510bfa8f8809980a8230617fb9eb618",
        "type": "github"
      },
      "original": {
        "owner": "nixos",
        "ref": "nixpkgs-unstable",
        "repo": "nixpkgs",
        "type": "github"
      }
    },
    "root": {
      "inputs": {
        "nixpkgs": "nixpkgs",
        "swww-src": "swww-src"
      }
    },
    "swww-src": {
      "flake": false,
      "locked": {
        "lastModified": 1675008367,
        "narHash": "sha256-QuvaOB9XDofrhhyMHbyyjpDjDWgaU0Lowr4z3zT3x+I=",
        "owner": "Horus645",
        "repo": "swww",
        "rev": "d0cdd38fe3e68f816f5674eaf91561e9886ccc15",
        "type": "github"
      },
      "original": {
        "owner": "Horus645",
        "repo": "swww",
        "type": "github"
      }
    }
  },
  "root": "root",
  "version": 7
}
